
Microsoft Visual Studio Solution File, Format Version 12.00
# Visual Studio Version 17
VisualStudioVersion = 17.0.31314.256
MinimumVisualStudioVersion = 10.0.40219.1
Project("{2150E333-8FDC-42A3-9474-1A3956D46DE8}") = "Engine", "Engine", "{233774A8-CC9D-3FA9-86D1-90573E92B704}"
EndProject
Project("{2150E333-8FDC-42A3-9474-1A3956D46DE8}") = "Games", "Games", "{DE1F8B53-6C02-3C13-9101-A7C8D96F3FF6}"
EndProject
Project("{8BC9CEB8-8B4A-11D0-8D11-00A0C91BC942}") = "UE5", "Intermediate\ProjectFiles\UE5.vcxproj", "{E20FBB29-96B7-3A80-97B4-5E3CC5B719A4}"
EndProject
Project("{8BC9CEB8-8B4A-11D0-8D11-00A0C91BC942}") = "ProjectD", "Intermediate\ProjectFiles\ProjectD.vcxproj", "{B4528B45-B2D4-35C4-91AA-F5CB732CE7B6}"
EndProject
Project("{2150E333-8FDC-42A3-9474-1A3956D46DE8}") = "Visualizers", "Visualizers", "{1CCEC849-CC72-4C59-8C36-2F7C38706D4C}"
	ProjectSection(SolutionItems) = preProject
		..\..\Epic Games\UE_5.1\Engine\Extras\VisualStudioDebugging\Unreal.natvis = ..\..\Epic Games\UE_5.1\Engine\Extras\VisualStudioDebugging\Unreal.natvis
	EndProjectSection
EndProject
Global
	GlobalSection(SolutionConfigurationPlatforms) = preSolution
		DebugGame Editor|IOS = DebugGame Editor|IOS
		DebugGame Editor|Win64 = DebugGame Editor|Win64
		DebugGame|IOS = DebugGame|IOS
		DebugGame|Win64 = DebugGame|Win64
		Development Editor|IOS = Development Editor|IOS
		Development Editor|Win64 = Development Editor|Win64
		Development|IOS = Development|IOS
		Development|Win64 = Development|Win64
		Shipping|IOS = Shipping|IOS
		Shipping|Win64 = Shipping|Win64
	EndGlobalSection
	# UnrealVS Section
	GlobalSection(ddbf523f-7eb6-4887-bd51-85a714ff87eb) = preSolution
		AvailablePlatforms=Win64;IOS
	EndGlobalSection
	GlobalSection(ProjectConfigurationPlatforms) = postSolution
		{E20FBB29-96B7-3A80-97B4-5E3CC5B719A4}.DebugGame Editor|IOS.ActiveCfg = BuiltWithUnrealBuildTool|Win64
		{E20FBB29-96B7-3A80-97B4-5E3CC5B719A4}.DebugGame Editor|Win64.ActiveCfg = BuiltWithUnrealBuildTool|Win64
		{E20FBB29-96B7-3A80-97B4-5E3CC5B719A4}.DebugGame|IOS.ActiveCfg = BuiltWithUnrealBuildTool|Win64
		{E20FBB29-96B7-3A80-97B4-5E3CC5B719A4}.DebugGame|Win64.ActiveCfg = BuiltWithUnrealBuildTool|Win64
		{E20FBB29-96B7-3A80-97B4-5E3CC5B719A4}.Development Editor|IOS.ActiveCfg = BuiltWithUnrealBuildTool|Win64
		{E20FBB29-96B7-3A80-97B4-5E3CC5B719A4}.Development Editor|Win64.ActiveCfg = BuiltWithUnrealBuildTool|Win64
		{E20FBB29-96B7-3A80-97B4-5E3CC5B719A4}.Development|IOS.ActiveCfg = BuiltWithUnrealBuildTool|Win64
		{E20FBB29-96B7-3A80-97B4-5E3CC5B719A4}.Development|Win64.ActiveCfg = BuiltWithUnrealBuildTool|Win64
		{E20FBB29-96B7-3A80-97B4-5E3CC5B719A4}.Shipping|IOS.ActiveCfg = BuiltWithUnrealBuildTool|Win64
		{E20FBB29-96B7-3A80-97B4-5E3CC5B719A4}.Shipping|Win64.ActiveCfg = BuiltWithUnrealBuildTool|Win64
		{B4528B45-B2D4-35C4-91AA-F5CB732CE7B6}.DebugGame Editor|IOS.ActiveCfg = Invalid|x64
		{B4528B45-B2D4-35C4-91AA-F5CB732CE7B6}.DebugGame Editor|Win64.ActiveCfg = DebugGame_Editor|x64
		{B4528B45-B2D4-35C4-91AA-F5CB732CE7B6}.DebugGame Editor|Win64.Build.0 = DebugGame_Editor|x64
		{B4528B45-B2D4-35C4-91AA-F5CB732CE7B6}.DebugGame|IOS.ActiveCfg = IOS_DebugGame|Win64
		{B4528B45-B2D4-35C4-91AA-F5CB732CE7B6}.DebugGame|IOS.Build.0 = IOS_DebugGame|Win64
		{B4528B45-B2D4-35C4-91AA-F5CB732CE7B6}.DebugGame|Win64.ActiveCfg = DebugGame|x64
		{B4528B45-B2D4-35C4-91AA-F5CB732CE7B6}.DebugGame|Win64.Build.0 = DebugGame|x64
		{B4528B45-B2D4-35C4-91AA-F5CB732CE7B6}.Development Editor|IOS.ActiveCfg = Invalid|x64
		{B4528B45-B2D4-35C4-91AA-F5CB732CE7B6}.Development Editor|Win64.ActiveCfg = Development_Editor|x64
		{B4528B45-B2D4-35C4-91AA-F5CB732CE7B6}.Development Editor|Win64.Build.0 = Development_Editor|x64
		{B4528B45-B2D4-35C4-91AA-F5CB732CE7B6}.Development|IOS.ActiveCfg = IOS_Development|Win64
		{B4528B45-B2D4-35C4-91AA-F5CB732CE7B6}.Development|IOS.Build.0 = IOS_Development|Win64
		{B4528B45-B2D4-35C4-91AA-F5CB732CE7B6}.Development|Win64.ActiveCfg = Development|x64
		{B4528B45-B2D4-35C4-91AA-F5CB732CE7B6}.Development|Win64.Build.0 = Development|x64
		{B4528B45-B2D4-35C4-91AA-F5CB732CE7B6}.Shipping|IOS.ActiveCfg = IOS_Shipping|Win64
		{B4528B45-B2D4-35C4-91AA-F5CB732CE7B6}.Shipping|IOS.Build.0 = IOS_Shipping|Win64
		{B4528B45-B2D4-35C4-91AA-F5CB732CE7B6}.Shipping|Win64.ActiveCfg = Shipping|x64
		{B4528B45-B2D4-35C4-91AA-F5CB732CE7B6}.Shipping|Win64.Build.0 = Shipping|x64
	EndGlobalSection
	GlobalSection(SolutionProperties) = preSolution
		HideSolutionNode = FALSE
	EndGlobalSection
	GlobalSection(NestedProjects) = preSolution
		{E20FBB29-96B7-3A80-97B4-5E3CC5B719A4} = {233774A8-CC9D-3FA9-86D1-90573E92B704}
		{B4528B45-B2D4-35C4-91AA-F5CB732CE7B6} = {DE1F8B53-6C02-3C13-9101-A7C8D96F3FF6}
	EndGlobalSection
EndGlobal
